
Microsoft Visual Studio Solution File, Format Version 12.00
# Visual Studio Version 16
VisualStudioVersion = 16.0.30907.101
MinimumVisualStudioVersion = 10.0.40219.1
Project("{F2A71F9B-5D33-465A-A702-920D77279786}") = "OttoBot", "OttoBot.fsproj", "{14386C45-911E-4211-8E2B-A594245B1D0B}"
EndProject
Global
	GlobalSection(SolutionConfigurationPlatforms) = preSolution
		Debug|Any CPU = Debug|Any CPU
		Release|Any CPU = Release|Any CPU
	EndGlobalSection
	GlobalSection(ProjectConfigurationPlatforms) = postSolution
		{14386C45-911E-4211-8E2B-A594245B1D0B}.Debug|Any CPU.ActiveCfg = Debug|Any CPU
		{14386C45-911E-4211-8E2B-A594245B1D0B}.Debug|Any CPU.Build.0 = Debug|Any CPU
		{14386C45-911E-4211-8E2B-A594245B1D0B}.Release|Any CPU.ActiveCfg = Release|Any CPU
		{14386C45-911E-4211-8E2B-A594245B1D0B}.Release|Any CPU.Build.0 = Release|Any CPU
	EndGlobalSection
	GlobalSection(SolutionProperties) = preSolution
		HideSolutionNode = FALSE
	EndGlobalSection
	GlobalSection(ExtensibilityGlobals) = postSolution
		SolutionGuid = {F9BE4BE5-FD25-4371-A15C-9FBA09951665}
	EndGlobalSection
EndGlobal
